
Microsoft Visual Studio Solution File, Format Version 12.00
# Visual Studio 15
VisualStudioVersion = 15.0.27004.2008
MinimumVisualStudioVersion = 10.0.40219.1
Project("{FAE04EC0-301F-11D3-BF4B-00C04F79EFBC}") = "WeatherAPIDemo", "WeatherAPIDemo\WeatherAPIDemo.csproj", "{CC55FD96-E9D4-4109-BF04-46AFEB6938D0}"
EndProject
Global
	GlobalSection(SolutionConfigurationPlatforms) = preSolution
		Debug|Any CPU = Debug|Any CPU
		Release|Any CPU = Release|Any CPU
	EndGlobalSection
	GlobalSection(ProjectConfigurationPlatforms) = postSolution
		{CC55FD96-E9D4-4109-BF04-46AFEB6938D0}.Debug|Any CPU.ActiveCfg = Debug|Any CPU
		{CC55FD96-E9D4-4109-BF04-46AFEB6938D0}.Debug|Any CPU.Build.0 = Debug|Any CPU
		{CC55FD96-E9D4-4109-BF04-46AFEB6938D0}.Release|Any CPU.ActiveCfg = Release|Any CPU
		{CC55FD96-E9D4-4109-BF04-46AFEB6938D0}.Release|Any CPU.Build.0 = Release|Any CPU
	EndGlobalSection
	GlobalSection(SolutionProperties) = preSolution
		HideSolutionNode = FALSE
	EndGlobalSection
	GlobalSection(ExtensibilityGlobals) = postSolution
		SolutionGuid = {D72B853A-383A-4F52-A82B-147F340B5201}
	EndGlobalSection
EndGlobal
